
Microsoft Visual Studio Solution File, Format Version 12.00
# Visual Studio Version 17
VisualStudioVersion = 17.14.36327.8 d17.14
MinimumVisualStudioVersion = 10.0.40219.1
Project("{FAE04EC0-301F-11D3-BF4B-00C04F79EFBC}") = "Vms_page", "Vms_page\Vms_page.csproj", "{4A49177C-EA69-40B6-8149-3D736CA022AD}"
EndProject
Global
	GlobalSection(SolutionConfigurationPlatforms) = preSolution
		Debug|Any CPU = Debug|Any CPU
		Release|Any CPU = Release|Any CPU
	EndGlobalSection
	GlobalSection(ProjectConfigurationPlatforms) = postSolution
		{4A49177C-EA69-40B6-8149-3D736CA022AD}.Debug|Any CPU.ActiveCfg = Debug|Any CPU
		{4A49177C-EA69-40B6-8149-3D736CA022AD}.Debug|Any CPU.Build.0 = Debug|Any CPU
		{4A49177C-EA69-40B6-8149-3D736CA022AD}.Release|Any CPU.ActiveCfg = Release|Any CPU
		{4A49177C-EA69-40B6-8149-3D736CA022AD}.Release|Any CPU.Build.0 = Release|Any CPU
	EndGlobalSection
	GlobalSection(SolutionProperties) = preSolution
		HideSolutionNode = FALSE
	EndGlobalSection
	GlobalSection(ExtensibilityGlobals) = postSolution
		SolutionGuid = {4D1D09F4-D7F5-4015-B038-9704CAF95304}
	EndGlobalSection
EndGlobal
